// !$*UTF8*$!
{
	archiveVersion = 1;
	classes = {
	};
	objectVersion = 56;
	objects = {

/* Begin PBXBuildFile section */
		2A486C042B729523002BAA4E /* MyCalendarApp.swift in Sources */ = {isa = PBXBuildFile; fileRef = 2A486C032B729523002BAA4E /* MyCalendarApp.swift */; };
		2A486C062B729523002BAA4E /* ContentView.swift in Sources */ = {isa = PBXBuildFile; fileRef = 2A486C052B729523002BAA4E /* ContentView.swift */; };
		2A486C082B729528002BAA4E /* Assets.xcassets in Resources */ = {isa = PBXBuildFile; fileRef = 2A486C072B729528002BAA4E /* Assets.xcassets */; };
		2A486C0B2B729528002BAA4E /* Preview Assets.xcassets in Resources */ = {isa = PBXBuildFile; fileRef = 2A486C0A2B729528002BAA4E /* Preview Assets.xcassets */; };
		2A486C0D2B729528002BAA4E /* Persistence.swift in Sources */ = {isa = PBXBuildFile; fileRef = 2A486C0C2B729528002BAA4E /* Persistence.swift */; };
		2A486C102B729528002BAA4E /* MyCalendar.xcdatamodeld in Sources */ = {isa = PBXBuildFile; fileRef = 2A486C0E2B729528002BAA4E /* MyCalendar.xcdatamodeld */; };
		2A486C1B2B7295B7002BAA4E /* APIService.swift in Sources */ = {isa = PBXBuildFile; fileRef = 2A486C1A2B7295B7002BAA4E /* APIService.swift */; };
		2A486C1D2B729699002BAA4E /* AirbnbListingsView.swift in Sources */ = {isa = PBXBuildFile; fileRef = 2A486C1C2B729699002BAA4E /* AirbnbListingsView.swift */; };
		2A486C1F2B7296E0002BAA4E /* AirbnbListingCardView.swift in Sources */ = {isa = PBXBuildFile; fileRef = 2A486C1E2B7296E0002BAA4E /* AirbnbListingCardView.swift */; };
		2A486C212B72971C002BAA4E /* AirbnbDetailView.swift in Sources */ = {isa = PBXBuildFile; fileRef = 2A486C202B72971C002BAA4E /* AirbnbDetailView.swift */; };
		2A486C232B729742002BAA4E /* AirbnbListingsResponse.swift in Sources */ = {isa = PBXBuildFile; fileRef = 2A486C222B729742002BAA4E /* AirbnbListingsResponse.swift */; };
		2A486C252B72974F002BAA4E /* AirbnbListing.swift in Sources */ = {isa = PBXBuildFile; fileRef = 2A486C242B72974F002BAA4E /* AirbnbListing.swift */; };
		2A486C272B729C3D002BAA4E /* AirbnbnListingsViewViewModel.swift in Sources */ = {isa = PBXBuildFile; fileRef = 2A486C262B729C3D002BAA4E /* AirbnbnListingsViewViewModel.swift */; };
/* End PBXBuildFile section */

/* Begin PBXFileReference section */
		2A486C002B729523002BAA4E /* MyCalendar.app */ = {isa = PBXFileReference; explicitFileType = wrapper.application; includeInIndex = 0; path = MyCalendar.app; sourceTree = BUILT_PRODUCTS_DIR; };
		2A486C032B729523002BAA4E /* MyCalendarApp.swift */ = {isa = PBXFileReference; lastKnownFileType = sourcecode.swift; path = MyCalendarApp.swift; sourceTree = "<group>"; };
		2A486C052B729523002BAA4E /* ContentView.swift */ = {isa = PBXFileReference; lastKnownFileType = sourcecode.swift; path = ContentView.swift; sourceTree = "<group>"; };
		2A486C072B729528002BAA4E /* Assets.xcassets */ = {isa = PBXFileReference; lastKnownFileType = folder.assetcatalog; path = Assets.xcassets; sourceTree = "<group>"; };
		2A486C0A2B729528002BAA4E /* Preview Assets.xcassets */ = {isa = PBXFileReference; lastKnownFileType = folder.assetcatalog; path = "Preview Assets.xcassets"; sourceTree = "<group>"; };
		2A486C0C2B729528002BAA4E /* Persistence.swift */ = {isa = PBXFileReference; lastKnownFileType = sourcecode.swift; path = Persistence.swift; sourceTree = "<group>"; };
		2A486C0F2B729528002BAA4E /* MyCalendar.xcdatamodel */ = {isa = PBXFileReference; lastKnownFileType = wrapper.xcdatamodel; path = MyCalendar.xcdatamodel; sourceTree = "<group>"; };
		2A486C1A2B7295B7002BAA4E /* APIService.swift */ = {isa = PBXFileReference; lastKnownFileType = sourcecode.swift; path = APIService.swift; sourceTree = "<group>"; };
		2A486C1C2B729699002BAA4E /* AirbnbListingsView.swift */ = {isa = PBXFileReference; lastKnownFileType = sourcecode.swift; path = AirbnbListingsView.swift; sourceTree = "<group>"; };
		2A486C1E2B7296E0002BAA4E /* AirbnbListingCardView.swift */ = {isa = PBXFileReference; lastKnownFileType = sourcecode.swift; path = AirbnbListingCardView.swift; sourceTree = "<group>"; };
		2A486C202B72971C002BAA4E /* AirbnbDetailView.swift */ = {isa = PBXFileReference; lastKnownFileType = sourcecode.swift; path = AirbnbDetailView.swift; sourceTree = "<group>"; };
		2A486C222B729742002BAA4E /* AirbnbListingsResponse.swift */ = {isa = PBXFileReference; lastKnownFileType = sourcecode.swift; path = AirbnbListingsResponse.swift; sourceTree = "<group>"; };
		2A486C242B72974F002BAA4E /* AirbnbListing.swift */ = {isa = PBXFileReference; lastKnownFileType = sourcecode.swift; path = AirbnbListing.swift; sourceTree = "<group>"; };
		2A486C262B729C3D002BAA4E /* AirbnbnListingsViewViewModel.swift */ = {isa = PBXFileReference; lastKnownFileType = sourcecode.swift; path = AirbnbnListingsViewViewModel.swift; sourceTree = "<group>"; };
/* End PBXFileReference section */

/* Begin PBXFrameworksBuildPhase section */
		2A486BFD2B729523002BAA4E /* Frameworks */ = {
			isa = PBXFrameworksBuildPhase;
			buildActionMask = 2147483647;
			files = (
			);
			runOnlyForDeploymentPostprocessing = 0;
		};
/* End PBXFrameworksBuildPhase section */

/* Begin PBXGroup section */
		2A486BF72B729523002BAA4E = {
			isa = PBXGroup;
			children = (
				2A486C022B729523002BAA4E /* MyCalendar */,
				2A486C012B729523002BAA4E /* Products */,
			);
			sourceTree = "<group>";
		};
		2A486C012B729523002BAA4E /* Products */ = {
			isa = PBXGroup;
			children = (
				2A486C002B729523002BAA4E /* MyCalendar.app */,
			);
			name = Products;
			sourceTree = "<group>";
		};
		2A486C022B729523002BAA4E /* MyCalendar */ = {
			isa = PBXGroup;
			children = (
				2A486C192B7295A5002BAA4E /* Services */,
				2A486C182B72959D002BAA4E /* Models */,
				2A486C172B729593002BAA4E /* ViewModels */,
				2A486C162B72958C002BAA4E /* Views */,
				2A486C032B729523002BAA4E /* MyCalendarApp.swift */,
				2A486C072B729528002BAA4E /* Assets.xcassets */,
				2A486C0C2B729528002BAA4E /* Persistence.swift */,
				2A486C0E2B729528002BAA4E /* MyCalendar.xcdatamodeld */,
				2A486C092B729528002BAA4E /* Preview Content */,
			);
			path = MyCalendar;
			sourceTree = "<group>";
		};
		2A486C092B729528002BAA4E /* Preview Content */ = {
			isa = PBXGroup;
			children = (
				2A486C0A2B729528002BAA4E /* Preview Assets.xcassets */,
			);
			path = "Preview Content";
			sourceTree = "<group>";
		};
		2A486C162B72958C002BAA4E /* Views */ = {
			isa = PBXGroup;
			children = (
				2A486C052B729523002BAA4E /* ContentView.swift */,
				2A486C1C2B729699002BAA4E /* AirbnbListingsView.swift */,
				2A486C1E2B7296E0002BAA4E /* AirbnbListingCardView.swift */,
				2A486C202B72971C002BAA4E /* AirbnbDetailView.swift */,
			);
			path = Views;
			sourceTree = "<group>";
		};
		2A486C172B729593002BAA4E /* ViewModels */ = {
			isa = PBXGroup;
			children = (
				2A486C262B729C3D002BAA4E /* AirbnbnListingsViewViewModel.swift */,
			);
			path = ViewModels;
			sourceTree = "<group>";
		};
		2A486C182B72959D002BAA4E /* Models */ = {
			isa = PBXGroup;
			children = (
				2A486C222B729742002BAA4E /* AirbnbListingsResponse.swift */,
				2A486C242B72974F002BAA4E /* AirbnbListing.swift */,
			);
			path = Models;
			sourceTree = "<group>";
		};
		2A486C192B7295A5002BAA4E /* Services */ = {
			isa = PBXGroup;
			children = (
				2A486C1A2B7295B7002BAA4E /* APIService.swift */,
			);
			path = Services;
			sourceTree = "<group>";
		};
/* End PBXGroup section */

/* Begin PBXNativeTarget section */
		2A486BFF2B729523002BAA4E /* MyCalendar */ = {
			isa = PBXNativeTarget;
			buildConfigurationList = 2A486C132B729528002BAA4E /* Build configuration list for PBXNativeTarget "MyCalendar" */;
			buildPhases = (
				2A486BFC2B729523002BAA4E /* Sources */,
				2A486BFD2B729523002BAA4E /* Frameworks */,
				2A486BFE2B729523002BAA4E /* Resources */,
			);
			buildRules = (
			);
			dependencies = (
			);
			name = MyCalendar;
			productName = MyCalendar;
			productReference = 2A486C002B729523002BAA4E /* MyCalendar.app */;
			productType = "com.apple.product-type.application";
		};
/* End PBXNativeTarget section */

/* Begin PBXProject section */
		2A486BF82B729523002BAA4E /* Project object */ = {
			isa = PBXProject;
			attributes = {
				BuildIndependentTargetsInParallel = 1;
				LastSwiftUpdateCheck = 1520;
				LastUpgradeCheck = 1520;
				TargetAttributes = {
					2A486BFF2B729523002BAA4E = {
						CreatedOnToolsVersion = 15.2;
					};
				};
			};
			buildConfigurationList = 2A486BFB2B729523002BAA4E /* Build configuration list for PBXProject "MyCalendar" */;
			compatibilityVersion = "Xcode 14.0";
			developmentRegion = en;
			hasScannedForEncodings = 0;
			knownRegions = (
				en,
				Base,
			);
			mainGroup = 2A486BF72B729523002BAA4E;
			productRefGroup = 2A486C012B729523002BAA4E /* Products */;
			projectDirPath = "";
			projectRoot = "";
			targets = (
				2A486BFF2B729523002BAA4E /* MyCalendar */,
			);
		};
/* End PBXProject section */

/* Begin PBXResourcesBuildPhase section */
		2A486BFE2B729523002BAA4E /* Resources */ = {
			isa = PBXResourcesBuildPhase;
			buildActionMask = 2147483647;
			files = (
				2A486C0B2B729528002BAA4E /* Preview Assets.xcassets in Resources */,
				2A486C082B729528002BAA4E /* Assets.xcassets in Resources */,
			);
			runOnlyForDeploymentPostprocessing = 0;
		};
/* End PBXResourcesBuildPhase section */

/* Begin PBXSourcesBuildPhase section */
		2A486BFC2B729523002BAA4E /* Sources */ = {
			isa = PBXSourcesBuildPhase;
			buildActionMask = 2147483647;
			files = (
				2A486C1F2B7296E0002BAA4E /* AirbnbListingCardView.swift in Sources */,
				2A486C0D2B729528002BAA4E /* Persistence.swift in Sources */,
				2A486C1D2B729699002BAA4E /* AirbnbListingsView.swift in Sources */,
				2A486C232B729742002BAA4E /* AirbnbListingsResponse.swift in Sources */,
				2A486C1B2B7295B7002BAA4E /* APIService.swift in Sources */,
				2A486C272B729C3D002BAA4E /* AirbnbnListingsViewViewModel.swift in Sources */,
				2A486C062B729523002BAA4E /* ContentView.swift in Sources */,
				2A486C252B72974F002BAA4E /* AirbnbListing.swift in Sources */,
				2A486C212B72971C002BAA4E /* AirbnbDetailView.swift in Sources */,
				2A486C042B729523002BAA4E /* MyCalendarApp.swift in Sources */,
				2A486C102B729528002BAA4E /* MyCalendar.xcdatamodeld in Sources */,
			);
			runOnlyForDeploymentPostprocessing = 0;
		};
/* End PBXSourcesBuildPhase section */

/* Begin XCBuildConfiguration section */
		2A486C112B729528002BAA4E /* Debug */ = {
			isa = XCBuildConfiguration;
			buildSettings = {
				ALWAYS_SEARCH_USER_PATHS = NO;
				ASSETCATALOG_COMPILER_GENERATE_SWIFT_ASSET_SYMBOL_EXTENSIONS = YES;
				CLANG_ANALYZER_NONNULL = YES;
				CLANG_ANALYZER_NUMBER_OBJECT_CONVERSION = YES_AGGRESSIVE;
				CLANG_CXX_LANGUAGE_STANDARD = "gnu++20";
				CLANG_ENABLE_MODULES = YES;
				CLANG_ENABLE_OBJC_ARC = YES;
				CLANG_ENABLE_OBJC_WEAK = YES;
				CLANG_WARN_BLOCK_CAPTURE_AUTORELEASING = YES;
				CLANG_WARN_BOOL_CONVERSION = YES;
				CLANG_WARN_COMMA = YES;
				CLANG_WARN_CONSTANT_CONVERSION = YES;
				CLANG_WARN_DEPRECATED_OBJC_IMPLEMENTATIONS = YES;
				CLANG_WARN_DIRECT_OBJC_ISA_USAGE = YES_ERROR;
				CLANG_WARN_DOCUMENTATION_COMMENTS = YES;
				CLANG_WARN_EMPTY_BODY = YES;
				CLANG_WARN_ENUM_CONVERSION = YES;
				CLANG_WARN_INFINITE_RECURSION = YES;
				CLANG_WARN_INT_CONVERSION = YES;
				CLANG_WARN_NON_LITERAL_NULL_CONVERSION = YES;
				CLANG_WARN_OBJC_IMPLICIT_RETAIN_SELF = YES;
				CLANG_WARN_OBJC_LITERAL_CONVERSION = YES;
				CLANG_WARN_OBJC_ROOT_CLASS = YES_ERROR;
				CLANG_WARN_QUOTED_INCLUDE_IN_FRAMEWORK_HEADER = YES;
				CLANG_WARN_RANGE_LOOP_ANALYSIS = YES;
				CLANG_WARN_STRICT_PROTOTYPES = YES;
				CLANG_WARN_SUSPICIOUS_MOVE = YES;
				CLANG_WARN_UNGUARDED_AVAILABILITY = YES_AGGRESSIVE;
				CLANG_WARN_UNREACHABLE_CODE = YES;
				CLANG_WARN__DUPLICATE_METHOD_MATCH = YES;
				COPY_PHASE_STRIP = NO;
				DEBUG_INFORMATION_FORMAT = dwarf;
				ENABLE_STRICT_OBJC_MSGSEND = YES;
				ENABLE_TESTABILITY = YES;
				ENABLE_USER_SCRIPT_SANDBOXING = YES;
				GCC_C_LANGUAGE_STANDARD = gnu17;
				GCC_DYNAMIC_NO_PIC = NO;
				GCC_NO_COMMON_BLOCKS = YES;
				GCC_OPTIMIZATION_LEVEL = 0;
				GCC_PREPROCESSOR_DEFINITIONS = (
					"DEBUG=1",
					"$(inherited)",
				);
				GCC_WARN_64_TO_32_BIT_CONVERSION = YES;
				GCC_WARN_ABOUT_RETURN_TYPE = YES_ERROR;
				GCC_WARN_UNDECLARED_SELECTOR = YES;
				GCC_WARN_UNINITIALIZED_AUTOS = YES_AGGRESSIVE;
				GCC_WARN_UNUSED_FUNCTION = YES;
				GCC_WARN_UNUSED_VARIABLE = YES;
				IPHONEOS_DEPLOYMENT_TARGET = 17.2;
				LOCALIZATION_PREFERS_STRING_CATALOGS = YES;
				MTL_ENABLE_DEBUG_INFO = INCLUDE_SOURCE;
				MTL_FAST_MATH = YES;
				ONLY_ACTIVE_ARCH = YES;
				SDKROOT = iphoneos;
				SWIFT_ACTIVE_COMPILATION_CONDITIONS = "DEBUG $(inherited)";
				SWIFT_OPTIMIZATION_LEVEL = "-Onone";
			};
			name = Debug;
		};
		2A486C122B729528002BAA4E /* Release */ = {
			isa = XCBuildConfiguration;
			buildSettings = {
				ALWAYS_SEARCH_USER_PATHS = NO;
				ASSETCATALOG_COMPILER_GENERATE_SWIFT_ASSET_SYMBOL_EXTENSIONS = YES;
				CLANG_ANALYZER_NONNULL = YES;
				CLANG_ANALYZER_NUMBER_OBJECT_CONVERSION = YES_AGGRESSIVE;
				CLANG_CXX_LANGUAGE_STANDARD = "gnu++20";
				CLANG_ENABLE_MODULES = YES;
				CLANG_ENABLE_OBJC_ARC = YES;
				CLANG_ENABLE_OBJC_WEAK = YES;
				CLANG_WARN_BLOCK_CAPTURE_AUTORELEASING = YES;
				CLANG_WARN_BOOL_CONVERSION = YES;
				CLANG_WARN_COMMA = YES;
				CLANG_WARN_CONSTANT_CONVERSION = YES;
				CLANG_WARN_DEPRECATED_OBJC_IMPLEMENTATIONS = YES;
				CLANG_WARN_DIRECT_OBJC_ISA_USAGE = YES_ERROR;
				CLANG_WARN_DOCUMENTATION_COMMENTS = YES;
				CLANG_WARN_EMPTY_BODY = YES;
				CLANG_WARN_ENUM_CONVERSION = YES;
				CLANG_WARN_INFINITE_RECURSION = YES;
				CLANG_WARN_INT_CONVERSION = YES;
				CLANG_WARN_NON_LITERAL_NULL_CONVERSION = YES;
				CLANG_WARN_OBJC_IMPLICIT_RETAIN_SELF = YES;
				CLANG_WARN_OBJC_LITERAL_CONVERSION = YES;
				CLANG_WARN_OBJC_ROOT_CLASS = YES_ERROR;
				CLANG_WARN_QUOTED_INCLUDE_IN_FRAMEWORK_HEADER = YES;
				CLANG_WARN_RANGE_LOOP_ANALYSIS = YES;
				CLANG_WARN_STRICT_PROTOTYPES = YES;
				CLANG_WARN_SUSPICIOUS_MOVE = YES;
				CLANG_WARN_UNGUARDED_AVAILABILITY = YES_AGGRESSIVE;
				CLANG_WARN_UNREACHABLE_CODE = YES;
				CLANG_WARN__DUPLICATE_METHOD_MATCH = YES;
				COPY_PHASE_STRIP = NO;
				DEBUG_INFORMATION_FORMAT = "dwarf-with-dsym";
				ENABLE_NS_ASSERTIONS = NO;
				ENABLE_STRICT_OBJC_MSGSEND = YES;
				ENABLE_USER_SCRIPT_SANDBOXING = YES;
				GCC_C_LANGUAGE_STANDARD = gnu17;
				GCC_NO_COMMON_BLOCKS = YES;
				GCC_WARN_64_TO_32_BIT_CONVERSION = YES;
				GCC_WARN_ABOUT_RETURN_TYPE = YES_ERROR;
				GCC_WARN_UNDECLARED_SELECTOR = YES;
				GCC_WARN_UNINITIALIZED_AUTOS = YES_AGGRESSIVE;
				GCC_WARN_UNUSED_FUNCTION = YES;
				GCC_WARN_UNUSED_VARIABLE = YES;
				IPHONEOS_DEPLOYMENT_TARGET = 17.2;
				LOCALIZATION_PREFERS_STRING_CATALOGS = YES;
				MTL_ENABLE_DEBUG_INFO = NO;
				MTL_FAST_MATH = YES;
				SDKROOT = iphoneos;
				SWIFT_COMPILATION_MODE = wholemodule;
				VALIDATE_PRODUCT = YES;
			};
			name = Release;
		};
		2A486C142B729528002BAA4E /* Debug */ = {
			isa = XCBuildConfiguration;
			buildSettings = {
				ASSETCATALOG_COMPILER_APPICON_NAME = AppIcon;
				ASSETCATALOG_COMPILER_GLOBAL_ACCENT_COLOR_NAME = AccentColor;
				CODE_SIGN_STYLE = Automatic;
				CURRENT_PROJECT_VERSION = 1;
				DEVELOPMENT_ASSET_PATHS = "\"MyCalendar/Preview Content\"";
				DEVELOPMENT_TEAM = TA73CSQ7TH;
				ENABLE_PREVIEWS = YES;
				GENERATE_INFOPLIST_FILE = YES;
				INFOPLIST_KEY_CFBundleDisplayName = BookingApp;
				INFOPLIST_KEY_UIApplicationSceneManifest_Generation = YES;
				INFOPLIST_KEY_UIApplicationSupportsIndirectInputEvents = YES;
				INFOPLIST_KEY_UILaunchScreen_Generation = YES;
				INFOPLIST_KEY_UISupportedInterfaceOrientations_iPad = "UIInterfaceOrientationPortrait UIInterfaceOrientationPortraitUpsideDown UIInterfaceOrientationLandscapeLeft UIInterfaceOrientationLandscapeRight";
				INFOPLIST_KEY_UISupportedInterfaceOrientations_iPhone = "UIInterfaceOrientationPortrait UIInterfaceOrientationLandscapeLeft UIInterfaceOrientationLandscapeRight";
				LD_RUNPATH_SEARCH_PATHS = (
					"$(inherited)",
					"@executable_path/Frameworks",
				);
				MARKETING_VERSION = 1.0;
				PRODUCT_BUNDLE_IDENTIFIER = dn.MyCalendar;
				PRODUCT_NAME = "$(TARGET_NAME)";
				SWIFT_EMIT_LOC_STRINGS = YES;
				SWIFT_VERSION = 5.0;
				TARGETED_DEVICE_FAMILY = "1,2";
			};
			name = Debug;
		};
		2A486C152B729528002BAA4E /* Release */ = {
			isa = XCBuildConfiguration;
			buildSettings = {
				ASSETCATALOG_COMPILER_APPICON_NAME = AppIcon;
				ASSETCATALOG_COMPILER_GLOBAL_ACCENT_COLOR_NAME = AccentColor;
				CODE_SIGN_STYLE = Automatic;
				CURRENT_PROJECT_VERSION = 1;
				DEVELOPMENT_ASSET_PATHS = "\"MyCalendar/Preview Content\"";
				DEVELOPMENT_TEAM = TA73CSQ7TH;
				ENABLE_PREVIEWS = YES;
				GENERATE_INFOPLIST_FILE = YES;
				INFOPLIST_KEY_CFBundleDisplayName = BookingApp;
				INFOPLIST_KEY_UIApplicationSceneManifest_Generation = YES;
				INFOPLIST_KEY_UIApplicationSupportsIndirectInputEvents = YES;
				INFOPLIST_KEY_UILaunchScreen_Generation = YES;
				INFOPLIST_KEY_UISupportedInterfaceOrientations_iPad = "UIInterfaceOrientationPortrait UIInterfaceOrientationPortraitUpsideDown UIInterfaceOrientationLandscapeLeft UIInterfaceOrientationLandscapeRight";
				INFOPLIST_KEY_UISupportedInterfaceOrientations_iPhone = "UIInterfaceOrientationPortrait UIInterfaceOrientationLandscapeLeft UIInterfaceOrientationLandscapeRight";
				LD_RUNPATH_SEARCH_PATHS = (
					"$(inherited)",
					"@executable_path/Frameworks",
				);
				MARKETING_VERSION = 1.0;
				PRODUCT_BUNDLE_IDENTIFIER = dn.MyCalendar;
				PRODUCT_NAME = "$(TARGET_NAME)";
				SWIFT_EMIT_LOC_STRINGS = YES;
				SWIFT_VERSION = 5.0;
				TARGETED_DEVICE_FAMILY = "1,2";
			};
			name = Release;
		};
/* End XCBuildConfiguration section */

/* Begin XCConfigurationList section */
		2A486BFB2B729523002BAA4E /* Build configuration list for PBXProject "MyCalendar" */ = {
			isa = XCConfigurationList;
			buildConfigurations = (
				2A486C112B729528002BAA4E /* Debug */,
				2A486C122B729528002BAA4E /* Release */,
			);
			defaultConfigurationIsVisible = 0;
			defaultConfigurationName = Release;
		};
		2A486C132B729528002BAA4E /* Build configuration list for PBXNativeTarget "MyCalendar" */ = {
			isa = XCConfigurationList;
			buildConfigurations = (
				2A486C142B729528002BAA4E /* Debug */,
				2A486C152B729528002BAA4E /* Release */,
			);
			defaultConfigurationIsVisible = 0;
			defaultConfigurationName = Release;
		};
/* End XCConfigurationList section */

/* Begin XCVersionGroup section */
		2A486C0E2B729528002BAA4E /* MyCalendar.xcdatamodeld */ = {
			isa = XCVersionGroup;
			children = (
				2A486C0F2B729528002BAA4E /* MyCalendar.xcdatamodel */,
			);
			currentVersion = 2A486C0F2B729528002BAA4E /* MyCalendar.xcdatamodel */;
			path = MyCalendar.xcdatamodeld;
			sourceTree = "<group>";
			versionGroupType = wrapper.xcdatamodel;
		};
/* End XCVersionGroup section */
	};
	rootObject = 2A486BF82B729523002BAA4E /* Project object */;
}
